lockfileVersion: '9.0'

settings:
  autoInstallPeers: true
  excludeLinksFromLockfile: false

catalogs:
  default:
    '@fedify/fedify':
      specifier: ^1.7.7
      version: 1.7.8
    elysia:
      specifier: ^1.3.8
      version: 1.3.8
    tsdown:
      specifier: ^0.12.9
      version: 0.12.9
    typescript:
      specifier: ^5.8.3
      version: 5.9.2

importers:

  .: {}

  examples/elysia:
    dependencies:
      '@fedify/elysia':
        specifier: workspace:*
        version: link:../../packages/elysia
      elysia:
        specifier: 'catalog:'
        version: 1.3.8(exact-mirror@0.1.3(@sinclair/typebox@0.34.38))(file-type@21.0.0)(typescript@5.9.2)
    devDependencies:
      bun-types:
        specifier: ^1.2.19
        version: 1.2.19(@types/react@19.1.9)

  packages/elysia:
    dependencies:
      '@fedify/fedify':
        specifier: 'catalog:'
        version: 1.7.8(web-streams-polyfill@3.3.3)
      elysia:
        specifier: 'catalog:'
        version: 1.3.8(exact-mirror@0.1.3(@sinclair/typebox@0.34.38))(file-type@21.0.0)(typescript@5.9.2)
    devDependencies:
      bun-types:
        specifier: ^1.2.19
        version: 1.2.19(@types/react@19.1.9)
      tsdown:
        specifier: 'catalog:'
        version: 0.12.9(typescript@5.9.2)
      typescript:
        specifier: 'catalog:'
        version: 5.9.2

packages:

  '@babel/generator@7.28.0':
    resolution: {integrity: sha512-lJjzvrbEeWrhB4P3QBsH7tey117PjLZnDbLiQEKjQ/fNJTjuq4HSqgFA+UNSwZT8D7dxxbnuSBMsa1lrWzKlQg==}
    engines: {node: '>=6.9.0'}

  '@babel/helper-string-parser@7.27.1':
    resolution: {integrity: sha512-qMlSxKbpRlAridDExk92nSobyDdpPijUq2DW6oDnUqd0iOGxmQjyqhMIihI9+zv4LPyZdRje2cavWPbCbWm3eA==}
    engines: {node: '>=6.9.0'}

  '@babel/helper-validator-identifier@7.27.1':
    resolution: {integrity: sha512-D2hP9eA+Sqx1kBZgzxZh0y1trbuU+JoDkiEwqhQ36nodYqJwyEIhPSdMNd7lOm/4io72luTPWH20Yda0xOuUow==}
    engines: {node: '>=6.9.0'}

  '@babel/parser@7.28.0':
    resolution: {integrity: sha512-jVZGvOxOuNSsuQuLRTh13nU0AogFlw32w/MT+LV6D3sP5WdbW61E77RnkbaO2dUvmPAYrBDJXGn5gGS6tH4j8g==}
    engines: {node: '>=6.0.0'}
    hasBin: true

  '@babel/types@7.28.2':
    resolution: {integrity: sha512-ruv7Ae4J5dUYULmeXw1gmb7rYRz57OWCPM57pHojnLq/3Z1CK2lNSLTCVjxVk1F/TZHwOZZrOWi0ur95BbLxNQ==}
    engines: {node: '>=6.9.0'}

  '@cfworker/json-schema@4.1.1':
    resolution: {integrity: sha512-gAmrUZSGtKc3AiBL71iNWxDsyUC5uMaKKGdvzYsBoTW/xi42JQHl7eKV2OYzCUqvc+D2RCcf7EXY2iCyFIk6og==}

  '@digitalbazaar/http-client@3.4.1':
    resolution: {integrity: sha512-Ahk1N+s7urkgj7WvvUND5f8GiWEPfUw0D41hdElaqLgu8wZScI8gdI0q+qWw5N1d35x7GCRH2uk9mi+Uzo9M3g==}
    engines: {node: '>=14.0'}

  '@emnapi/core@1.4.5':
    resolution: {integrity: sha512-XsLw1dEOpkSX/WucdqUhPWP7hDxSvZiY+fsUC14h+FtQ2Ifni4znbBt8punRX+Uj2JG/uDb8nEHVKvrVlvdZ5Q==}

  '@emnapi/runtime@1.4.5':
    resolution: {integrity: sha512-++LApOtY0pEEz1zrd9vy1/zXVaVJJ/EbAF3u0fXIzPJEDtnITsBGbbK0EkM72amhl/R5b+5xx0Y/QhcVOpuulg==}

  '@emnapi/wasi-threads@1.0.4':
    resolution: {integrity: sha512-PJR+bOmMOPH8AtcTGAyYNiuJ3/Fcoj2XN/gBEWzDIKh254XO+mM9XoXHk5GNEhodxeMznbg7BlRojVbKN+gC6g==}

  '@fastify/busboy@2.1.1':
    resolution: {integrity: sha512-vBZP4NlzfOlerQTnba4aqZoMhE/a9HY7HRqoOPaETQcSQuWEIyZMHGfVu6w9wGtGK5fED5qRs2DteVCjOH60sA==}
    engines: {node: '>=14'}

  '@fedify/fedify@1.7.8':
    resolution: {integrity: sha512-l03YmDysuUjMdV+bEydZt8wMrVYqlkQTXkiZs5lVLLVGEYKHLNSWXzffZLFc+0SvH3KZP3+XWlyJmT8/8JFZjQ==}
    engines: {bun: '>=1.1.0', deno: '>=2.0.0', node: '>=22.0.0'}

  '@hugoalh/http-header-link@1.0.3':
    resolution: {integrity: sha512-x4jzzKSzZQY115H/GxUWaAHzT5eqLXt99uSKY7+0O/h3XrV248+CkZA7cA274QahXzWkGQYYug/AF6QUkTnLEw==}
    engines: {node: '>=16.13.0'}

  '@hugoalh/is-string-singleline@1.0.5':
    resolution: {integrity: sha512-mFCgmAUK+xnWgst2qxXKSJc3b7sQSZ9z3Chen1fh7TonInMhHYvy3Dk6fpKPXX/rTrs0wCRSrR93Q/9C7Ger8A==}

  '@jridgewell/gen-mapping@0.3.12':
    resolution: {integrity: sha512-OuLGC46TjB5BbN1dH8JULVVZY4WTdkF7tV9Ys6wLL1rubZnCMstOhNHueU5bLCrnRuDhKPDM4g6sw4Bel5Gzqg==}

  '@jridgewell/resolve-uri@3.1.2':
    resolution: {integrity: sha512-bRISgCIjP20/tbWSPWMEi54QVPRZExkuD9lJL+UIxUKtwVJA8wW1Trb1jMs1RFXo1CBTNZ/5hpC9QvmKWdopKw==}
    engines: {node: '>=6.0.0'}

  '@jridgewell/sourcemap-codec@1.5.4':
    resolution: {integrity: sha512-VT2+G1VQs/9oz078bLrYbecdZKs912zQlkelYpuf+SXF+QvZDYJlbx/LSx+meSAwdDFnF8FVXW92AVjjkVmgFw==}

  '@jridgewell/trace-mapping@0.3.29':
    resolution: {integrity: sha512-uw6guiW/gcAGPDhLmd77/6lW8QLeiV5RUTsAX46Db6oLhGaVj4lhnPwb184s1bkc8kdVg/+h988dro8GRDpmYQ==}

  '@js-temporal/polyfill@0.5.1':
    resolution: {integrity: sha512-hloP58zRVCRSpgDxmqCWJNlizAlUgJFqG2ypq79DCvyv9tHjRYMDOcPFjzfl/A1/YxDvRCZz8wvZvmapQnKwFQ==}
    engines: {node: '>=12'}

  '@logtape/logtape@1.0.4':
    resolution: {integrity: sha512-YvNVrXIxVpnY528zoiEjX8PqTfr0UCtKXyssvaWL8AE+OByFTCooKuKMdPlm6g65YUI9fPXrHn4UnogSskABnA==}

  '@multiformats/base-x@4.0.1':
    resolution: {integrity: sha512-eMk0b9ReBbV23xXU693TAIrLyeO5iTgBZGSJfpqriG8UkYvr/hC9u9pyMlAakDNHWmbhMZCDs6KQO0jzKD8OTw==}

  '@napi-rs/wasm-runtime@1.0.1':
    resolution: {integrity: sha512-KVlQ/jgywZpixGCKMNwxStmmbYEMyokZpCf2YuIChhfJA2uqfAKNEM8INz7zzTo55iEXfBhIIs3VqYyqzDLj8g==}

  '@noble/hashes@1.8.0':
    resolution: {integrity: sha512-jCs9ldd7NwzpgXDIf6P3+NrHh9/sD6CQdxHyjQI+h/6rDNo88ypBxxz45UDuZHz9r3tNz7N/VInSVoVdtXEI4A==}
    engines: {node: ^14.21.3 || >=16}

  '@opentelemetry/api@1.9.0':
    resolution: {integrity: sha512-3giAOQvZiH5F9bMlMiv8+GSPMeqg0dbaeo58/0SlA9sxSqZhnUtxzX9/2FzyhS9sWQf5S0GJE0AKBrFqjpeYcg==}
    engines: {node: '>=8.0.0'}

  '@opentelemetry/semantic-conventions@1.36.0':
    resolution: {integrity: sha512-TtxJSRD8Ohxp6bKkhrm27JRHAxPczQA7idtcTOMYI+wQRRrfgqxHv1cFbCApcSnNjtXkmzFozn6jQtFrOmbjPQ==}
    engines: {node: '>=14'}

  '@oxc-project/runtime@0.80.0':
    resolution: {integrity: sha512-3rzy1bJAZ4s7zV9TKT60x119RwJDCDqEtCwK/Zc2qlm7wGhiIUxLLYUhE/mN91yB0u1kxm5sh4NjU12sPqQTpg==}
    engines: {node: '>=6.9.0'}

  '@oxc-project/types@0.80.0':
    resolution: {integrity: sha512-xxHQm8wfCv2e8EmtaDwpMeAHOWqgQDAYg+BJouLXSQt5oTKu9TIXrgNMGSrM2fLvKmECsRd9uUFAAD+hPyootA==}

  '@phensley/language-tag@1.13.1':
    resolution: {integrity: sha512-0cqJT7yC1wz0LlT63gs6lfTSgvedWA+Msg2tDbp9b5NCF9CTyLZ/9UbncBlXRHHvugbhtlT3NjM6lvwK3mrIoA==}

  '@quansync/fs@0.1.3':
    resolution: {integrity: sha512-G0OnZbMWEs5LhDyqy2UL17vGhSVHkQIfVojMtEWVenvj0V5S84VBgy86kJIuNsGDp2p7sTKlpSIpBUWdC35OKg==}
    engines: {node: '>=20.0.0'}

  '@rolldown/binding-android-arm64@1.0.0-beta.31':
    resolution: {integrity: sha512-0mFtKwOG7smn0HkvQ6h8j0m/ohkR7Fp5eMTJ2Pns/HSbePHuDpxMaQ4TjZ6arlVXxpeWZlAHeT5BeNsOA3iWTg==}
    cpu: [arm64]
    os: [android]

  '@rolldown/binding-darwin-arm64@1.0.0-beta.31':
    resolution: {integrity: sha512-BHfHJ8Nb5G7ZKJl6pimJacupONT4F7w6gmQHw41rouAnJF51ORDwGefWeb6OMLzGmJwzxlIVPERfnJf1EsMM7A==}
    cpu: [arm64]
    os: [darwin]

  '@rolldown/binding-darwin-x64@1.0.0-beta.31':
    resolution: {integrity: sha512-4MiuRtExC08jHbSU/diIL+IuQP+3Ck1FbWAplK+ysQJ7fxT3DMxy5FmnIGfmhaqow8oTjb2GEwZJKgTRjZL1Vw==}
    cpu: [x64]
    os: [darwin]

  '@rolldown/binding-freebsd-x64@1.0.0-beta.31':
    resolution: {integrity: sha512-nffC1u7ccm12qlAea8ExY3AvqlaHy/o/3L4p5Es8JFJ3zJSs6e3DyuxGZZVdl9EVwsLxPPTvioIl4tEm2afwyw==}
    cpu: [x64]
    os: [freebsd]

  '@rolldown/binding-linux-arm-gnueabihf@1.0.0-beta.31':
    resolution: {integrity: sha512-LHmAaB3rB1GOJuHscKcL2Ts/LKLcb3YWTh2uQ/876rg/J9WE9kQ0kZ+3lRSYbth/YL8ln54j4JZmHpqQY3xptQ==}
    cpu: [arm]
    os: [linux]

  '@rolldown/binding-linux-arm64-gnu@1.0.0-beta.31':
    resolution: {integrity: sha512-oTDZVfqIAjLB2I1yTiLyyhfPPO6dky33sTblxTCpe+ZT55WizN3KDoBKJ4yXG8shI6I4bRShVu29Xg0yAjyQYw==}
    cpu: [arm64]
    os: [linux]

  '@rolldown/binding-linux-arm64-musl@1.0.0-beta.31':
    resolution: {integrity: sha512-duJ3IkEBj9Xe9NYW1n8Y3483VXHGi8zQ0ZsLbK8464EJUXLF7CXM8Ry+jkkUw+ZvA+Zu1E/+C6p2Y6T9el0C9g==}
    cpu: [arm64]
    os: [linux]

  '@rolldown/binding-linux-arm64-ohos@1.0.0-beta.31':
    resolution: {integrity: sha512-qdbmU5QSZ0uoLZBYMxiHsMQmizqtzFGTVPU5oyU1n0jU0Mo+mkSzqZuL8VBnjHOHzhVxZsoAGH9JjiRzCnoGVA==}
    cpu: [arm64]
    os: [openharmony]

  '@rolldown/binding-linux-x64-gnu@1.0.0-beta.31':
    resolution: {integrity: sha512-H7+r34TSV8udB2gAsebFM/YuEeNCkPGEAGJ1JE7SgI9XML6FflqcdKfrRSneQFsPaom/gCEc1g0WW5MZ0O3blw==}
    cpu: [x64]
    os: [linux]

  '@rolldown/binding-linux-x64-musl@1.0.0-beta.31':
    resolution: {integrity: sha512-zRm2YmzFVqbsmUsyyZnHfJrOlQUcWS/FJ5ZWL8Q1kZh5PnLBrTVZNpakIWwAxpN5gNEi9MmFd5YHocVJp8ps1Q==}
    cpu: [x64]
    os: [linux]

  '@rolldown/binding-wasm32-wasi@1.0.0-beta.31':
    resolution: {integrity: sha512-fM1eUIuHLsNJXRlWOuIIex1oBJ89I0skFWo5r/D3KSJ5gD9MBd3g4Hp+v1JGohvyFE+7ylnwRxSUyMEeYpA69A==}
    engines: {node: '>=14.0.0'}
    cpu: [wasm32]

  '@rolldown/binding-win32-arm64-msvc@1.0.0-beta.31':
    resolution: {integrity: sha512-4nftR9V2KHH3zjBwf6leuZZJQZ7v0d70ogjHIqB3SDsbDLvVEZiGSsSn2X6blSZRZeJSFzK0pp4kZ67zdZXwSw==}
    cpu: [arm64]
    os: [win32]

  '@rolldown/binding-win32-ia32-msvc@1.0.0-beta.31':
    resolution: {integrity: sha512-0TQcKu9xZVHYALit+WJsSuADGlTFfOXhnZoIHWWQhTk3OgbwwbYcSoZUXjRdFmR6Wswn4csHtJGN1oYKeQ6/2g==}
    cpu: [ia32]
    os: [win32]

  '@rolldown/binding-win32-x64-msvc@1.0.0-beta.31':
    resolution: {integrity: sha512-3zMICWwpZh1jrkkKDYIUCx/2wY3PXLICAS0AnbeLlhzfWPhCcpNK9eKhiTlLAZyTp+3kyipoi/ZSVIh+WDnBpQ==}
    cpu: [x64]
    os: [win32]

  '@rolldown/pluginutils@1.0.0-beta.31':
    resolution: {integrity: sha512-IaDZ9NhjOIOkYtm+hH0GX33h3iVZ2OeSUnFF0+7Z4+1GuKs4Kj5wK3+I2zNV9IPLfqV4XlwWif8SXrZNutxciQ==}

  '@sinclair/typebox@0.34.38':
    resolution: {integrity: sha512-HpkxMmc2XmZKhvaKIZZThlHmx1L0I/V1hWK1NubtlFnr6ZqdiOpV72TKudZUNQjZNsyDBay72qFEhEvb+bcwcA==}

  '@tokenizer/inflate@0.2.7':
    resolution: {integrity: sha512-MADQgmZT1eKjp06jpI2yozxaU9uVs4GzzgSL+uEq7bVcJ9V1ZXQkeGNql1fsSI0gMy1vhvNTNbUqrx+pZfJVmg==}
    engines: {node: '>=18'}

  '@tokenizer/token@0.3.0':
    resolution: {integrity: sha512-OvjF+z51L3ov0OyAU0duzsYuvO01PH7x4t6DJx+guahgTnBHkhJdG7soQeTSFLWN3efnHyibZ4Z8l2EuWwJN3A==}

  '@tybys/wasm-util@0.10.0':
    resolution: {integrity: sha512-VyyPYFlOMNylG45GoAe0xDoLwWuowvf92F9kySqzYh8vmYm7D2u4iUJKa1tOUpS70Ku13ASrOkS4ScXFsTaCNQ==}

  '@types/node@24.2.0':
    resolution: {integrity: sha512-3xyG3pMCq3oYCNg7/ZP+E1ooTaGB4cG8JWRsqqOYQdbWNY4zbaV0Ennrd7stjiJEFZCaybcIgpTjJWHRfBSIDw==}

  '@types/react@19.1.9':
    resolution: {integrity: sha512-WmdoynAX8Stew/36uTSVMcLJJ1KRh6L3IZRx1PZ7qJtBqT3dYTgyDTx8H1qoRghErydW7xw9mSJ3wS//tCRpFA==}

  abort-controller@3.0.0:
    resolution: {integrity: sha512-h8lQ8tacZYnR3vNQTgibj+tODHI5/+l06Au2Pcriv/Gmet0eaj4TwWH41sO9wnHDiQsEj19q0drzdWdeAHtweg==}
    engines: {node: '>=6.5'}

  ansis@4.1.0:
    resolution: {integrity: sha512-BGcItUBWSMRgOCe+SVZJ+S7yTRG0eGt9cXAHev72yuGcY23hnLA7Bky5L/xLyPINoSN95geovfBkqoTlNZYa7w==}
    engines: {node: '>=14'}

  asn1js@3.0.6:
    resolution: {integrity: sha512-UOCGPYbl0tv8+006qks/dTgV9ajs97X2p0FAbyS2iyCRrmLSRolDaHdp+v/CLgnzHc3fVB+CwYiUmei7ndFcgA==}
    engines: {node: '>=12.0.0'}

  ast-kit@2.1.1:
    resolution: {integrity: sha512-mfh6a7gKXE8pDlxTvqIc/syH/P3RkzbOF6LeHdcKztLEzYe6IMsRCL7N8vI7hqTGWNxpkCuuRTpT21xNWqhRtQ==}
    engines: {node: '>=20.18.0'}

  birpc@2.5.0:
    resolution: {integrity: sha512-VSWO/W6nNQdyP520F1mhf+Lc2f8pjGQOtoHHm7Ze8Go1kX7akpVIrtTa0fn+HB0QJEDVacl6aO08YE0PgXfdnQ==}

  bun-types@1.2.19:
    resolution: {integrity: sha512-uAOTaZSPuYsWIXRpj7o56Let0g/wjihKCkeRqUBhlLVM/Bt+Fj9xTo+LhC1OV1XDaGkz4hNC80et5xgy+9KTHQ==}
    peerDependencies:
      '@types/react': ^19

  byte-encodings@1.0.11:
    resolution: {integrity: sha512-+/xR2+ySc2yKGtud3DGkGSH1DNwHfRVK0KTnMhoeH36/KwG+tHQ4d9B3jxJFq7dW27YcfudkywaYJRPA2dmxzg==}

  bytestreamjs@2.0.1:
    resolution: {integrity: sha512-U1Z/ob71V/bXfVABvNr/Kumf5VyeQRBEm6Txb0PQ6S7V5GpBM3w4Cbqz/xPDicR5tN0uvDifng8C+5qECeGwyQ==}
    engines: {node: '>=6.0.0'}

  cac@6.7.14:
    resolution: {integrity: sha512-b6Ilus+c3RrdDk+JhLKUAQfzzgLEPy6wcXqS7f/xe1EETvsDP6GORG7SFuOs6cID5YkqchW/LXZbX5bc8j7ZcQ==}
    engines: {node: '>=8'}

  canonicalize@1.0.8:
    resolution: {integrity: sha512-0CNTVCLZggSh7bc5VkX5WWPWO+cyZbNd07IHIsSXLia/eAq+r836hgk+8BKoEh7949Mda87VUOitx5OddVj64A==}

  chokidar@4.0.3:
    resolution: {integrity: sha512-Qgzu8kfBvo+cA4962jnP1KkS6Dop5NS6g7R5LFYJr4b8Ub94PPQXUksCw9PvXoeXPRRddRNC5C1JQUR2SMGtnA==}
    engines: {node: '>= 14.16.0'}

  cookie@1.0.2:
    resolution: {integrity: sha512-9Kr/j4O16ISv8zBBhJoi4bXOYNTkFLOqSL3UDB0njXxCXNezjeyVrJyGOWtgfs/q2km1gwBcfH8q1yEGoMYunA==}
    engines: {node: '>=18'}

  csstype@3.1.3:
    resolution: {integrity: sha512-M1uQkMl8rQK/szD0LNhtqxIPLpimGm8sOBwU7lLnCpSbTyY3yeU1Vc7l4KT5zT4s/yOxHH5O7tIuuLOCnLADRw==}

  data-uri-to-buffer@4.0.1:
    resolution: {integrity: sha512-0R9ikRb668HB7QDxT1vkpuUBtqc53YyAwMwGeUFKRojY/NWKvdZ+9UYtRfGmhqNbRkTSVpMbmyhXipFFv2cb/A==}
    engines: {node: '>= 12'}

  debug@4.4.1:
    resolution: {integrity: sha512-KcKCqiftBJcZr++7ykoDIEwSa3XWowTfNPo92BYxjXiyYEVrUQh2aLyhxBCwww+heortUFxEJYcRzosstTEBYQ==}
    engines: {node: '>=6.0'}
    peerDependencies:
      supports-color: '*'
    peerDependenciesMeta:
      supports-color:
        optional: true

  defu@6.1.4:
    resolution: {integrity: sha512-mEQCMmwJu317oSz8CwdIOdwf3xMif1ttiM8LTufzc3g6kR+9Pe236twL8j3IYT1F7GfRgGcW6MWxzZjLIkuHIg==}

  diff@8.0.2:
    resolution: {integrity: sha512-sSuxWU5j5SR9QQji/o2qMvqRNYRDOcBTgsJ/DeCf4iSN4gW+gNMXM7wFIP+fdXZxoNiAnHUTGjCr+TSWXdRDKg==}
    engines: {node: '>=0.3.1'}

  dts-resolver@2.1.1:
    resolution: {integrity: sha512-3BiGFhB6mj5Kv+W2vdJseQUYW+SKVzAFJL6YNP6ursbrwy1fXHRotfHi3xLNxe4wZl/K8qbAFeCDjZLjzqxxRw==}
    engines: {node: '>=20.18.0'}
    peerDependencies:
      oxc-resolver: '>=11.0.0'
    peerDependenciesMeta:
      oxc-resolver:
        optional: true

  elysia@1.3.8:
    resolution: {integrity: sha512-kxYFhegJbUEf5otzmisEvGt3R7d/dPBNVERO2nHo0kFqKBHyj5slArc90mSRKLfi1vamMtPcz67rL6Zeg5F2yg==}
    peerDependencies:
      exact-mirror: '>= 0.0.9'
      file-type: '>= 20.0.0'
      typescript: '>= 5.0.0'

  empathic@2.0.0:
    resolution: {integrity: sha512-i6UzDscO/XfAcNYD75CfICkmfLedpyPDdozrLMmQc5ORaQcdMoc21OnlEylMIqI7U8eniKrPMxxtj8k0vhmJhA==}
    engines: {node: '>=14'}

  es-toolkit@1.39.8:
    resolution: {integrity: sha512-A8QO9TfF+rltS8BXpdu8OS+rpGgEdnRhqIVxO/ZmNvnXBYgOdSsxukT55ELyP94gZIntWJ+Li9QRrT2u1Kitpg==}

  event-target-shim@5.0.1:
    resolution: {integrity: sha512-i/2XbnSz/uxRCU6+NdVJgKWDTM427+MqYbkQzD321DuCQJUqOuJKIA0IM2+W2xtYHdKOmZ4dR6fExsd4SXL+WQ==}
    engines: {node: '>=6'}

  exact-mirror@0.1.3:
    resolution: {integrity: sha512-yI62LpSby0ItzPJF05C4DRycVAoknRiCIDOLOCCs9zaEKylOXQtOFM3flX54S44swpRz584vk3P70yWQodsLlg==}
    peerDependencies:
      '@sinclair/typebox': ^0.34.15
    peerDependenciesMeta:
      '@sinclair/typebox':
        optional: true

  fast-decode-uri-component@1.0.1:
    resolution: {integrity: sha512-WKgKWg5eUxvRZGwW8FvfbaH7AXSh2cL+3j5fMGzUMCxWBJ3dV3a7Wz8y2f/uQ0e3B6WmodD3oS54jTQ9HVTIIg==}

  fdir@6.4.6:
    resolution: {integrity: sha512-hiFoqpyZcfNm1yc4u8oWCf9A2c4D3QjCrks3zmoVKVxpQRzmPNar1hUJcBG2RQHvEVGDN+Jm81ZheVLAQMK6+w==}
    peerDependencies:
      picomatch: ^3 || ^4
    peerDependenciesMeta:
      picomatch:
        optional: true

  fetch-blob@3.2.0:
    resolution: {integrity: sha512-7yAQpD2UMJzLi1Dqv7qFYnPbaPx7ZfFK6PiIxQ4PfkGPyNyl2Ugx+a/umUonmKqjhM4DnfbMvdX6otXq83soQQ==}
    engines: {node: ^12.20 || >= 14.13}

  fflate@0.8.2:
    resolution: {integrity: sha512-cPJU47OaAoCbg0pBvzsgpTPhmhqI5eJjh/JIu8tPj5q+T7iLvW/JAYUqmE7KOB4R1ZyEhzBaIQpQpardBF5z8A==}

  file-type@21.0.0:
    resolution: {integrity: sha512-ek5xNX2YBYlXhiUXui3D/BXa3LdqPmoLJ7rqEx2bKJ7EAUEfmXgW0Das7Dc6Nr9MvqaOnIqiPV0mZk/r/UpNAg==}
    engines: {node: '>=20'}

  formdata-polyfill@4.0.10:
    resolution: {integrity: sha512-buewHzMvYL29jdeQTVILecSaZKnt/RJWjoZCF5OW60Z67/GmSLBkOFM7qh1PI3zFNtJbaZL5eQu1vLfazOwj4g==}
    engines: {node: '>=12.20.0'}

  get-tsconfig@4.10.1:
    resolution: {integrity: sha512-auHyJ4AgMz7vgS8Hp3N6HXSmlMdUyhSUrfBF16w153rxtLIEOE+HGqaBppczZvnHLqQJfiHotCYpNhl0lUROFQ==}

  hookable@5.5.3:
    resolution: {integrity: sha512-Yc+BQe8SvoXH1643Qez1zqLRmbA5rCL+sSmk6TVos0LWVfNIB7PGncdlId77WzLGSIB5KaWgTaNTs2lNVEI6VQ==}

  ieee754@1.2.1:
    resolution: {integrity: sha512-dcyqhDvX1C46lXZcVqCpK+FtMRQVdIMN6/Df5js2zouUsqG7I6sFxitIC+7KYK29KdXOLHdu9zL4sFnoVQnqaA==}

  jiti@2.5.1:
    resolution: {integrity: sha512-twQoecYPiVA5K/h6SxtORw/Bs3ar+mLUtoPSc7iMXzQzK8d7eJ/R09wmTwAjiamETn1cXYPGfNnu7DMoHgu12w==}
    hasBin: true

  jsbi@4.3.2:
    resolution: {integrity: sha512-9fqMSQbhJykSeii05nxKl4m6Eqn2P6rOlYiS+C5Dr/HPIU/7yZxu5qzbs40tgaFORiw2Amd0mirjxatXYMkIew==}

  jsesc@3.1.0:
    resolution: {integrity: sha512-/sM3dO2FOzXjKQhJuo0Q173wf2KOo8t4I8vHy6lF9poUp7bKT0/NHE8fPX23PwfhnykfqnC2xRxOnVw5XuGIaA==}
    engines: {node: '>=6'}
    hasBin: true

  json-canon@1.0.1:
    resolution: {integrity: sha512-PQcj4PFOTAQxE8PgoQ4KrM0DcKWZd7S3ELOON8rmysl9I8JuFMgxu1H9v+oZsTPjjkpeS3IHPwLjr7d+gKygnw==}

  jsonld@8.3.3:
    resolution: {integrity: sha512-9YcilrF+dLfg9NTEof/mJLMtbdX1RJ8dbWtJgE00cMOIohb1lIyJl710vFiTaiHTl6ZYODJuBd32xFvUhmv3kg==}
    engines: {node: '>=14'}

  ky-universal@0.11.0:
    resolution: {integrity: sha512-65KyweaWvk+uKKkCrfAf+xqN2/epw1IJDtlyCPxYffFCMR8u1sp2U65NtWpnozYfZxQ6IUzIlvUcw+hQ82U2Xw==}
    engines: {node: '>=14.16'}
    peerDependencies:
      ky: '>=0.31.4'
      web-streams-polyfill: '>=3.2.1'
    peerDependenciesMeta:
      web-streams-polyfill:
        optional: true

  ky@0.33.3:
    resolution: {integrity: sha512-CasD9OCEQSFIam2U8efFK81Yeg8vNMTBUqtMOHlrcWQHqUX3HeCl9Dr31u4toV7emlH8Mymk5+9p0lL6mKb/Xw==}
    engines: {node: '>=14.16'}

  lru-cache@6.0.0:
    resolution: {integrity: sha512-Jo6dJ04CmSjuznwJSS3pUeWmd/H0ffTlkXXgwZi+eq1UCmqQwCh+eLsYOYCwY991i2Fah4h1BEMCx4qThGbsiA==}
    engines: {node: '>=10'}

  ms@2.1.3:
    resolution: {integrity: sha512-6FlzubTLZG3J2a/NVCAleEhjzq5oxgHyaCU9yYXvcLsvoVaHJq/s5xXI6/XXP6tz7R9xAOtHnSO/tXtF3WRTlA==}

  multicodec@3.2.1:
    resolution: {integrity: sha512-+expTPftro8VAW8kfvcuNNNBgb9gPeNYV9dn+z1kJRWF2vih+/S79f2RVeIwmrJBUJ6NT9IUPWnZDQvegEh5pw==}
    deprecated: This module has been superseded by the multiformats module

  multiformats@9.9.0:
    resolution: {integrity: sha512-HoMUjhH9T8DDBNT+6xzkrd9ga/XiBI4xLr58LJACwK6G3HTOPeMz4nB4KJs33L2BelrIJa7P0VuNaVF3hMYfjg==}

  node-domexception@1.0.0:
    resolution: {integrity: sha512-/jKZoMpw0F8GRwl4/eLROPA3cfcXtLApP0QzLmUT/HuPCZWyB7IY9ZrMeKw2O/nFIqPQB3PVM9aYm0F312AXDQ==}
    engines: {node: '>=10.5.0'}
    deprecated: Use your platform's native DOMException instead

  node-fetch@3.3.2:
    resolution: {integrity: sha512-dRB78srN/l6gqWulah9SrxeYnxeddIG30+GOqK/9OlLVyLg3HPnr6SqOWTWOXKRwC2eGYCkZ59NNuSgvSrpgOA==}
    engines: {node: ^12.20.0 || ^14.13.1 || >=16.0.0}

  openapi-types@12.1.3:
    resolution: {integrity: sha512-N4YtSYJqghVu4iek2ZUvcN/0aqH1kRDuNqzcycDxhOUpg7GdvLa2F3DgS6yBNhInhv2r/6I0Flkn7CqL8+nIcw==}

  pathe@2.0.3:
    resolution: {integrity: sha512-WUjGcAqP1gQacoQe+OBJsFA7Ld4DyXuUIjZ5cc75cLHvJ7dtNsTugphxIADwspS+AraAUePCKrSVtPLFj/F88w==}

  picomatch@4.0.3:
    resolution: {integrity: sha512-5gTmgEY/sqK6gFXLIsQNH19lWb4ebPDLA4SdLP7dsWkIXHWlG66oPuVvXSGFPppYZz8ZDZq0dYYrbHfBCVUb1Q==}
    engines: {node: '>=12'}

  pkijs@3.2.5:
    resolution: {integrity: sha512-WX0la7n7CbnguuaIQoT4Fc0IJckPDOUldzOwlZ0nwpOcySS+Six/tXBdc0RX17J5o1To0SAr3xDJjDLsOfDFQA==}
    engines: {node: '>=12.0.0'}

  pvtsutils@1.3.6:
    resolution: {integrity: sha512-PLgQXQ6H2FWCaeRak8vvk1GW462lMxB5s3Jm673N82zI4vqtVUPuZdffdZbPDFRoU8kAhItWFtPCWiPpp4/EDg==}

  pvutils@1.1.3:
    resolution: {integrity: sha512-pMpnA0qRdFp32b1sJl1wOJNxZLQ2cbQx+k6tjNtZ8CpvVhNqEPRgivZ2WOUev2YMajecdH7ctUPDvEe87nariQ==}
    engines: {node: '>=6.0.0'}

  quansync@0.2.10:
    resolution: {integrity: sha512-t41VRkMYbkHyCYmOvx/6URnN80H7k4X0lLdBMGsz+maAwrJQYB1djpV6vHrQIBE0WBSGqhtEHrK9U3DWWH8v7A==}

  rdf-canonize@3.4.0:
    resolution: {integrity: sha512-fUeWjrkOO0t1rg7B2fdyDTvngj+9RlUyL92vOdiB7c0FPguWVsniIMjEtHH+meLBO9rzkUlUzBVXgWrjI8P9LA==}
    engines: {node: '>=12'}

  readdirp@4.1.2:
    resolution: {integrity: sha512-GDhwkLfywWL2s6vEjyhri+eXmfH6j1L7JE27WhqLeYzoh/A3DBaYGEj2H/HFZCn/kMfim73FXxEJTw06WtxQwg==}
    engines: {node: '>= 14.18.0'}

  resolve-pkg-maps@1.0.0:
    resolution: {integrity: sha512-seS2Tj26TBVOC2NIc2rOe2y2ZO7efxITtLZcGSOnHHNOQ7CkiUBfw0Iw2ck6xkIhPwLhKNLS8BO+hEpngQlqzw==}

  rolldown-plugin-dts@0.13.14:
    resolution: {integrity: sha512-wjNhHZz9dlN6PTIXyizB6u/mAg1wEFMW9yw7imEVe3CxHSRnNHVyycIX0yDEOVJfDNISLPbkCIPEpFpizy5+PQ==}
    engines: {node: '>=20.18.0'}
    peerDependencies:
      '@typescript/native-preview': '>=7.0.0-dev.20250601.1'
      rolldown: ^1.0.0-beta.9
      typescript: ^5.0.0
      vue-tsc: ^2.2.0 || ^3.0.0
    peerDependenciesMeta:
      '@typescript/native-preview':
        optional: true
      typescript:
        optional: true
      vue-tsc:
        optional: true

  rolldown@1.0.0-beta.31:
    resolution: {integrity: sha512-M2Q+RfG0FMJeSW3RSFTbvtjGVTcQpTQvN247D0EMSsPkpZFoinopR9oAnQiwgogQyzDuvKNnbyCbQQlmNAzSoQ==}
    hasBin: true

  semver@7.7.2:
    resolution: {integrity: sha512-RF0Fw+rO5AMf9MAyaRXI4AV0Ulj5lMHqVxxdSgiVbixSCXoEmmX/jk0CuJw4+3SqroYO9VoUh+HcuJivvtJemA==}
    engines: {node: '>=10'}
    hasBin: true

  setimmediate@1.0.5:
    resolution: {integrity: sha512-MATJdZp8sLqDl/68LfQmbP8zKPLQNV6BIZoIgrscFDQ+RsvK/BxeDQOgyxKKoh0y/8h3BqVFnCqQ/gd+reiIXA==}

  strtok3@10.3.4:
    resolution: {integrity: sha512-KIy5nylvC5le1OdaaoCJ07L+8iQzJHGH6pWDuzS+d07Cu7n1MZ2x26P8ZKIWfbK02+XIL8Mp4RkWeqdUCrDMfg==}
    engines: {node: '>=18'}

  structured-field-values@2.0.4:
    resolution: {integrity: sha512-5zpJXYLPwW3WYUD/D58tQjIBs10l3Yx64jZfcKGs/RH79E2t9Xm/b9+ydwdMNVSksnsIY+HR/2IlQmgo0AcTAg==}

  tinyexec@1.0.1:
    resolution: {integrity: sha512-5uC6DDlmeqiOwCPmK9jMSdOuZTh8bU39Ys6yidB+UTt5hfZUPGAypSgFRiEp+jbi9qH40BLDvy85jIU88wKSqw==}

  tinyglobby@0.2.14:
    resolution: {integrity: sha512-tX5e7OM1HnYr2+a2C/4V0htOcSQcoSTH9KgJnVvNm5zm/cyEWKJ7j7YutsH9CxMdtOkkLFy2AHrMci9IM8IPZQ==}
    engines: {node: '>=12.0.0'}

  token-types@6.0.4:
    resolution: {integrity: sha512-MD9MjpVNhVyH4fyd5rKphjvt/1qj+PtQUz65aFqAZA6XniWAuSFRjLk3e2VALEFlh9OwBpXUN7rfeqSnT/Fmkw==}
    engines: {node: '>=14.16'}

  tsdown@0.12.9:
    resolution: {integrity: sha512-MfrXm9PIlT3saovtWKf/gCJJ/NQCdE0SiREkdNC+9Qy6UHhdeDPxnkFaBD7xttVUmgp0yUHtGirpoLB+OVLuLA==}
    engines: {node: '>=18.0.0'}
    hasBin: true
    peerDependencies:
      '@arethetypeswrong/core': ^0.18.1
      publint: ^0.3.0
      typescript: ^5.0.0
      unplugin-lightningcss: ^0.4.0
      unplugin-unused: ^0.5.0
    peerDependenciesMeta:
      '@arethetypeswrong/core':
        optional: true
      publint:
        optional: true
      typescript:
        optional: true
      unplugin-lightningcss:
        optional: true
      unplugin-unused:
        optional: true

  tslib@2.8.1:
    resolution: {integrity: sha512-oJFu94HQb+KVduSUQL7wnpmqnfmLsOA/nAh6b6EH0wCEoK0/mPeXU6c3wKDV83MkOuHPRHtSXKKU99IBazS/2w==}

  typescript@5.9.2:
    resolution: {integrity: sha512-CWBzXQrc/qOkhidw1OzBTQuYRbfyxDXJMVJ1XNwUHGROVmuaeiEm3OslpZ1RV96d7SKKjZKrSJu3+t/xlw3R9A==}
    engines: {node: '>=14.17'}
    hasBin: true

  uint8array-extras@1.4.0:
    resolution: {integrity: sha512-ZPtzy0hu4cZjv3z5NW9gfKnNLjoz4y6uv4HlelAjDK7sY/xOkKZv9xK/WQpcsBB3jEybChz9DPC2U/+cusjJVQ==}
    engines: {node: '>=18'}

  uint8arrays@3.1.1:
    resolution: {integrity: sha512-+QJa8QRnbdXVpHYjLoTpJIdCTiw9Ir62nocClWuXIq2JIh4Uta0cQsTSpFL678p2CN8B+XSApwcU+pQEqVpKWg==}

  unconfig@7.3.2:
    resolution: {integrity: sha512-nqG5NNL2wFVGZ0NA/aCFw0oJ2pxSf1lwg4Z5ill8wd7K4KX/rQbHlwbh+bjctXL5Ly1xtzHenHGOK0b+lG6JVg==}

  undici-types@7.10.0:
    resolution: {integrity: sha512-t5Fy/nfn+14LuOc2KNYg75vZqClpAiqscVvMygNnlsHBFpSXdJaYtXMcdNLpl/Qvc3P2cB3s6lOV51nqsFq4ag==}

  undici@5.29.0:
    resolution: {integrity: sha512-raqeBD6NQK4SkWhQzeYKd1KmIG6dllBOTt55Rmkt4HtI9mwdWtJljnrXjAFUBLTSN67HWrOIZ3EPF4kjUw80Bg==}
    engines: {node: '>=14.0'}

  uri-template-router@0.0.17:
    resolution: {integrity: sha512-5h2I/eSN+XFRAFaSR72KTFWg5rf8GB6Ur5+yWHjtwEqmn6cfZqoWsoWTh6NhxW8pIlFq144G2J23OCg3CeAaSg==}

  url-template@3.1.1:
    resolution: {integrity: sha512-4oszoaEKE/mQOtAmdMWqIRHmkxWkUZMnXFnjQ5i01CuRSK3uluxcH1MRVVVWmhlnzT1SCDfKxxficm2G37qzCA==}
    engines: {node: ^12.20.0 || ^14.13.1 || >=16.0.0}

  urlpattern-polyfill@10.1.0:
    resolution: {integrity: sha512-IGjKp/o0NL3Bso1PymYURCJxMPNAf/ILOpendP9f5B6e1rTJgdgiOvgfoT8VxCAdY+Wisb9uhGaJJf3yZ2V9nw==}

  varint@6.0.0:
    resolution: {integrity: sha512-cXEIW6cfr15lFv563k4GuVuW/fiwjknytD37jIOLSdSWuOI6WnO/oKwmP2FQTU2l01LP8/M5TSAJpzUaGe3uWg==}

  web-streams-polyfill@3.3.3:
    resolution: {integrity: sha512-d2JWLCivmZYTSIoge9MsgFCZrt571BikcWGYkjC1khllbTeDlGqZ2D8vD8E/lJa8WGWbb7Plm8/XJYV7IJHZZw==}
    engines: {node: '>= 8'}

  yallist@4.0.0:
    resolution: {integrity: sha512-3wdGidZyq5PB084XLES5TpOSRA3wjXAlIWMhum2kRcv/41Sn2emQ0dycQW4uZXLejwKvg6EsvbdlVL+FYEct7A==}

snapshots:

  '@babel/generator@7.28.0':
    dependencies:
      '@babel/parser': 7.28.0
      '@babel/types': 7.28.2
      '@jridgewell/gen-mapping': 0.3.12
      '@jridgewell/trace-mapping': 0.3.29
      jsesc: 3.1.0

  '@babel/helper-string-parser@7.27.1': {}

  '@babel/helper-validator-identifier@7.27.1': {}

  '@babel/parser@7.28.0':
    dependencies:
      '@babel/types': 7.28.2

  '@babel/types@7.28.2':
    dependencies:
      '@babel/helper-string-parser': 7.27.1
      '@babel/helper-validator-identifier': 7.27.1

  '@cfworker/json-schema@4.1.1': {}

  '@digitalbazaar/http-client@3.4.1(web-streams-polyfill@3.3.3)':
    dependencies:
      ky: 0.33.3
      ky-universal: 0.11.0(ky@0.33.3)(web-streams-polyfill@3.3.3)
      undici: 5.29.0
    transitivePeerDependencies:
      - web-streams-polyfill

  '@emnapi/core@1.4.5':
    dependencies:
      '@emnapi/wasi-threads': 1.0.4
      tslib: 2.8.1
    optional: true

  '@emnapi/runtime@1.4.5':
    dependencies:
      tslib: 2.8.1
    optional: true

  '@emnapi/wasi-threads@1.0.4':
    dependencies:
      tslib: 2.8.1
    optional: true

  '@fastify/busboy@2.1.1': {}

  '@fedify/fedify@1.7.8(web-streams-polyfill@3.3.3)':
    dependencies:
      '@cfworker/json-schema': 4.1.1
      '@es-toolkit/es-toolkit': es-toolkit@1.39.8
      '@hugoalh/http-header-link': 1.0.3
      '@js-temporal/polyfill': 0.5.1
      '@logtape/logtape': 1.0.4
      '@multiformats/base-x': 4.0.1
      '@opentelemetry/api': 1.9.0
      '@opentelemetry/semantic-conventions': 1.36.0
      '@phensley/language-tag': 1.13.1
      asn1js: 3.0.6
      byte-encodings: 1.0.11
      json-canon: 1.0.1
      jsonld: 8.3.3(web-streams-polyfill@3.3.3)
      multicodec: 3.2.1
      pkijs: 3.2.5
      structured-field-values: 2.0.4
      uri-template-router: 0.0.17
      url-template: 3.1.1
      urlpattern-polyfill: 10.1.0
    transitivePeerDependencies:
      - web-streams-polyfill

  '@hugoalh/http-header-link@1.0.3':
    dependencies:
      '@hugoalh/is-string-singleline': 1.0.5

  '@hugoalh/is-string-singleline@1.0.5': {}

  '@jridgewell/gen-mapping@0.3.12':
    dependencies:
      '@jridgewell/sourcemap-codec': 1.5.4
      '@jridgewell/trace-mapping': 0.3.29

  '@jridgewell/resolve-uri@3.1.2': {}

  '@jridgewell/sourcemap-codec@1.5.4': {}

  '@jridgewell/trace-mapping@0.3.29':
    dependencies:
      '@jridgewell/resolve-uri': 3.1.2
      '@jridgewell/sourcemap-codec': 1.5.4

  '@js-temporal/polyfill@0.5.1':
    dependencies:
      jsbi: 4.3.2

  '@logtape/logtape@1.0.4': {}

  '@multiformats/base-x@4.0.1': {}

  '@napi-rs/wasm-runtime@1.0.1':
    dependencies:
      '@emnapi/core': 1.4.5
      '@emnapi/runtime': 1.4.5
      '@tybys/wasm-util': 0.10.0
    optional: true

  '@noble/hashes@1.8.0': {}

  '@opentelemetry/api@1.9.0': {}

  '@opentelemetry/semantic-conventions@1.36.0': {}

  '@oxc-project/runtime@0.80.0': {}

  '@oxc-project/types@0.80.0': {}

  '@phensley/language-tag@1.13.1':
    dependencies:
      tslib: 2.8.1

  '@quansync/fs@0.1.3':
    dependencies:
      quansync: 0.2.10

  '@rolldown/binding-android-arm64@1.0.0-beta.31':
    optional: true

  '@rolldown/binding-darwin-arm64@1.0.0-beta.31':
    optional: true

  '@rolldown/binding-darwin-x64@1.0.0-beta.31':
    optional: true

  '@rolldown/binding-freebsd-x64@1.0.0-beta.31':
    optional: true

  '@rolldown/binding-linux-arm-gnueabihf@1.0.0-beta.31':
    optional: true

  '@rolldown/binding-linux-arm64-gnu@1.0.0-beta.31':
    optional: true

  '@rolldown/binding-linux-arm64-musl@1.0.0-beta.31':
    optional: true

  '@rolldown/binding-linux-arm64-ohos@1.0.0-beta.31':
    optional: true

  '@rolldown/binding-linux-x64-gnu@1.0.0-beta.31':
    optional: true

  '@rolldown/binding-linux-x64-musl@1.0.0-beta.31':
    optional: true

  '@rolldown/binding-wasm32-wasi@1.0.0-beta.31':
    dependencies:
      '@napi-rs/wasm-runtime': 1.0.1
    optional: true

  '@rolldown/binding-win32-arm64-msvc@1.0.0-beta.31':
    optional: true

  '@rolldown/binding-win32-ia32-msvc@1.0.0-beta.31':
    optional: true

  '@rolldown/binding-win32-x64-msvc@1.0.0-beta.31':
    optional: true

  '@rolldown/pluginutils@1.0.0-beta.31': {}

  '@sinclair/typebox@0.34.38':
    optional: true

  '@tokenizer/inflate@0.2.7':
    dependencies:
      debug: 4.4.1
      fflate: 0.8.2
      token-types: 6.0.4
    transitivePeerDependencies:
      - supports-color

  '@tokenizer/token@0.3.0': {}

  '@tybys/wasm-util@0.10.0':
    dependencies:
      tslib: 2.8.1
    optional: true

  '@types/node@24.2.0':
    dependencies:
      undici-types: 7.10.0

  '@types/react@19.1.9':
    dependencies:
      csstype: 3.1.3

  abort-controller@3.0.0:
    dependencies:
      event-target-shim: 5.0.1

  ansis@4.1.0: {}

  asn1js@3.0.6:
    dependencies:
      pvtsutils: 1.3.6
      pvutils: 1.1.3
      tslib: 2.8.1

  ast-kit@2.1.1:
    dependencies:
      '@babel/parser': 7.28.0
      pathe: 2.0.3

  birpc@2.5.0: {}

  bun-types@1.2.19(@types/react@19.1.9):
    dependencies:
      '@types/node': 24.2.0
      '@types/react': 19.1.9

  byte-encodings@1.0.11: {}

  bytestreamjs@2.0.1: {}

  cac@6.7.14: {}

  canonicalize@1.0.8: {}

  chokidar@4.0.3:
    dependencies:
      readdirp: 4.1.2

  cookie@1.0.2: {}

  csstype@3.1.3: {}

  data-uri-to-buffer@4.0.1: {}

  debug@4.4.1:
    dependencies:
      ms: 2.1.3

  defu@6.1.4: {}

  diff@8.0.2: {}

  dts-resolver@2.1.1: {}

  elysia@1.3.8(exact-mirror@0.1.3(@sinclair/typebox@0.34.38))(file-type@21.0.0)(typescript@5.9.2):
    dependencies:
      cookie: 1.0.2
      exact-mirror: 0.1.3(@sinclair/typebox@0.34.38)
      fast-decode-uri-component: 1.0.1
      file-type: 21.0.0
      typescript: 5.9.2
    optionalDependencies:
      '@sinclair/typebox': 0.34.38
      openapi-types: 12.1.3

  empathic@2.0.0: {}

  es-toolkit@1.39.8: {}

  event-target-shim@5.0.1: {}

  exact-mirror@0.1.3(@sinclair/typebox@0.34.38):
    optionalDependencies:
      '@sinclair/typebox': 0.34.38

  fast-decode-uri-component@1.0.1: {}

  fdir@6.4.6(picomatch@4.0.3):
    optionalDependencies:
      picomatch: 4.0.3

  fetch-blob@3.2.0:
    dependencies:
      node-domexception: 1.0.0
      web-streams-polyfill: 3.3.3

  fflate@0.8.2: {}

  file-type@21.0.0:
    dependencies:
      '@tokenizer/inflate': 0.2.7
      strtok3: 10.3.4
      token-types: 6.0.4
      uint8array-extras: 1.4.0
    transitivePeerDependencies:
      - supports-color

  formdata-polyfill@4.0.10:
    dependencies:
      fetch-blob: 3.2.0

  get-tsconfig@4.10.1:
    dependencies:
      resolve-pkg-maps: 1.0.0

  hookable@5.5.3: {}

  ieee754@1.2.1: {}

  jiti@2.5.1: {}

  jsbi@4.3.2: {}

  jsesc@3.1.0: {}

  json-canon@1.0.1: {}

  jsonld@8.3.3(web-streams-polyfill@3.3.3):
    dependencies:
      '@digitalbazaar/http-client': 3.4.1(web-streams-polyfill@3.3.3)
      canonicalize: 1.0.8
      lru-cache: 6.0.0
      rdf-canonize: 3.4.0
    transitivePeerDependencies:
      - web-streams-polyfill

  ky-universal@0.11.0(ky@0.33.3)(web-streams-polyfill@3.3.3):
    dependencies:
      abort-controller: 3.0.0
      ky: 0.33.3
      node-fetch: 3.3.2
    optionalDependencies:
      web-streams-polyfill: 3.3.3

  ky@0.33.3: {}

  lru-cache@6.0.0:
    dependencies:
      yallist: 4.0.0

  ms@2.1.3: {}

  multicodec@3.2.1:
    dependencies:
      uint8arrays: 3.1.1
      varint: 6.0.0

  multiformats@9.9.0: {}

  node-domexception@1.0.0: {}

  node-fetch@3.3.2:
    dependencies:
      data-uri-to-buffer: 4.0.1
      fetch-blob: 3.2.0
      formdata-polyfill: 4.0.10

  openapi-types@12.1.3:
    optional: true

  pathe@2.0.3: {}

  picomatch@4.0.3: {}

  pkijs@3.2.5:
    dependencies:
      '@noble/hashes': 1.8.0
      asn1js: 3.0.6
      bytestreamjs: 2.0.1
      pvtsutils: 1.3.6
      pvutils: 1.1.3
      tslib: 2.8.1

  pvtsutils@1.3.6:
    dependencies:
      tslib: 2.8.1

  pvutils@1.1.3: {}

  quansync@0.2.10: {}

  rdf-canonize@3.4.0:
    dependencies:
      setimmediate: 1.0.5

  readdirp@4.1.2: {}

  resolve-pkg-maps@1.0.0: {}

  rolldown-plugin-dts@0.13.14(rolldown@1.0.0-beta.31)(typescript@5.9.2):
    dependencies:
      '@babel/generator': 7.28.0
      '@babel/parser': 7.28.0
      '@babel/types': 7.28.2
      ast-kit: 2.1.1
      birpc: 2.5.0
      debug: 4.4.1
      dts-resolver: 2.1.1
      get-tsconfig: 4.10.1
      rolldown: 1.0.0-beta.31
    optionalDependencies:
      typescript: 5.9.2
    transitivePeerDependencies:
      - oxc-resolver
      - supports-color

  rolldown@1.0.0-beta.31:
    dependencies:
      '@oxc-project/runtime': 0.80.0
      '@oxc-project/types': 0.80.0
      '@rolldown/pluginutils': 1.0.0-beta.31
      ansis: 4.1.0
    optionalDependencies:
      '@rolldown/binding-android-arm64': 1.0.0-beta.31
      '@rolldown/binding-darwin-arm64': 1.0.0-beta.31
      '@rolldown/binding-darwin-x64': 1.0.0-beta.31
      '@rolldown/binding-freebsd-x64': 1.0.0-beta.31
      '@rolldown/binding-linux-arm-gnueabihf': 1.0.0-beta.31
      '@rolldown/binding-linux-arm64-gnu': 1.0.0-beta.31
      '@rolldown/binding-linux-arm64-musl': 1.0.0-beta.31
      '@rolldown/binding-linux-arm64-ohos': 1.0.0-beta.31
      '@rolldown/binding-linux-x64-gnu': 1.0.0-beta.31
      '@rolldown/binding-linux-x64-musl': 1.0.0-beta.31
      '@rolldown/binding-wasm32-wasi': 1.0.0-beta.31
      '@rolldown/binding-win32-arm64-msvc': 1.0.0-beta.31
      '@rolldown/binding-win32-ia32-msvc': 1.0.0-beta.31
      '@rolldown/binding-win32-x64-msvc': 1.0.0-beta.31

  semver@7.7.2: {}

  setimmediate@1.0.5: {}

  strtok3@10.3.4:
    dependencies:
      '@tokenizer/token': 0.3.0

  structured-field-values@2.0.4: {}

  tinyexec@1.0.1: {}

  tinyglobby@0.2.14:
    dependencies:
      fdir: 6.4.6(picomatch@4.0.3)
      picomatch: 4.0.3

  token-types@6.0.4:
    dependencies:
      '@tokenizer/token': 0.3.0
      ieee754: 1.2.1

  tsdown@0.12.9(typescript@5.9.2):
    dependencies:
      ansis: 4.1.0
      cac: 6.7.14
      chokidar: 4.0.3
      debug: 4.4.1
      diff: 8.0.2
      empathic: 2.0.0
      hookable: 5.5.3
      rolldown: 1.0.0-beta.31
      rolldown-plugin-dts: 0.13.14(rolldown@1.0.0-beta.31)(typescript@5.9.2)
      semver: 7.7.2
      tinyexec: 1.0.1
      tinyglobby: 0.2.14
      unconfig: 7.3.2
    optionalDependencies:
      typescript: 5.9.2
    transitivePeerDependencies:
      - '@typescript/native-preview'
      - oxc-resolver
      - supports-color
      - vue-tsc

  tslib@2.8.1: {}

  typescript@5.9.2: {}

  uint8array-extras@1.4.0: {}

  uint8arrays@3.1.1:
    dependencies:
      multiformats: 9.9.0

  unconfig@7.3.2:
    dependencies:
      '@quansync/fs': 0.1.3
      defu: 6.1.4
      jiti: 2.5.1
      quansync: 0.2.10

  undici-types@7.10.0: {}

  undici@5.29.0:
    dependencies:
      '@fastify/busboy': 2.1.1

  uri-template-router@0.0.17: {}

  url-template@3.1.1: {}

  urlpattern-polyfill@10.1.0: {}

  varint@6.0.0: {}

  web-streams-polyfill@3.3.3: {}

  yallist@4.0.0: {}
